
Microsoft Visual Studio Solution File, Format Version 12.00
# Visual Studio Version 17
VisualStudioVersion = 17.1.32407.343
MinimumVisualStudioVersion = 10.0.40219.1
Project("{FAE04EC0-301F-11D3-BF4B-00C04F79EFBC}") = "CommandWPF", "CommandWPF\CommandWPF.csproj", "{1BB8AEE5-9DE2-482B-9A53-51DCDD80ACE2}"
EndProject
Global
	GlobalSection(SolutionConfigurationPlatforms) = preSolution
		Debug|Any CPU = Debug|Any CPU
		Release|Any CPU = Release|Any CPU
	EndGlobalSection
	GlobalSection(ProjectConfigurationPlatforms) = postSolution
		{1BB8AEE5-9DE2-482B-9A53-51DCDD80ACE2}.Debug|Any CPU.ActiveCfg = Debug|Any CPU
		{1BB8AEE5-9DE2-482B-9A53-51DCDD80ACE2}.Debug|Any CPU.Build.0 = Debug|Any CPU
		{1BB8AEE5-9DE2-482B-9A53-51DCDD80ACE2}.Release|Any CPU.ActiveCfg = Release|Any CPU
		{1BB8AEE5-9DE2-482B-9A53-51DCDD80ACE2}.Release|Any CPU.Build.0 = Release|Any CPU
	EndGlobalSection
	GlobalSection(SolutionProperties) = preSolution
		HideSolutionNode = FALSE
	EndGlobalSection
	GlobalSection(ExtensibilityGlobals) = postSolution
		SolutionGuid = {47EE9315-14DE-4E38-AA23-A021149711E5}
	EndGlobalSection
EndGlobal
